// !$*UTF8*$!
{
	archiveVersion = 1;
	classes = {
	};
	objectVersion = 46;
	objects = {

/* Begin PBXBuildFile section */
		D5BB83E21C2BE26A00C3C789 /* main.m in Sources */ = {isa = PBXBuildFile; fileRef = D5BB83E11C2BE26A00C3C789 /* main.m */; };
		D5BB83E51C2BE26A00C3C789 /* AppDelegate.m in Sources */ = {isa = PBXBuildFile; fileRef = D5BB83E41C2BE26A00C3C789 /* AppDelegate.m */; };
		D5BB83E81C2BE26A00C3C789 /* ViewController.m in Sources */ = {isa = PBXBuildFile; fileRef = D5BB83E71C2BE26A00C3C789 /* ViewController.m */; };
		D5BB83EB1C2BE26A00C3C789 /* Main.storyboard in Resources */ = {isa = PBXBuildFile; fileRef = D5BB83E91C2BE26A00C3C789 /* Main.storyboard */; };
		D5BB83ED1C2BE26A00C3C789 /* Assets.xcassets in Resources */ = {isa = PBXBuildFile; fileRef = D5BB83EC1C2BE26A00C3C789 /* Assets.xcassets */; };
		D5BB83F01C2BE26A00C3C789 /* LaunchScreen.storyboard in Resources */ = {isa = PBXBuildFile; fileRef = D5BB83EE1C2BE26A00C3C789 /* LaunchScreen.storyboard */; };
		D5BB83FB1C2BE26A00C3C789 /* _0151224002_UITableViewCell_StaticTableViewCell__code_Tests.m in Sources */ = {isa = PBXBuildFile; fileRef = D5BB83FA1C2BE26A00C3C789 /* _0151224002_UITableViewCell_StaticTableViewCell__code_Tests.m */; };
		D5BB84061C2BE26A00C3C789 /* _0151224002_UITableViewCell_StaticTableViewCell__code_UITests.m in Sources */ = {isa = PBXBuildFile; fileRef = D5BB84051C2BE26A00C3C789 /* _0151224002_UITableViewCell_StaticTableViewCell__code_UITests.m */; };
/* End PBXBuildFile section */

/* Begin PBXContainerItemProxy section */
		D5BB83F71C2BE26A00C3C789 /* PBXContainerItemProxy */ = {
			isa = PBXContainerItemProxy;
			containerPortal = D5BB83D51C2BE26A00C3C789 /* Project object */;
			proxyType = 1;
			remoteGlobalIDString = D5BB83DC1C2BE26A00C3C789;
			remoteInfo = "20151224002-UITableViewCell-StaticTableViewCell-(code)";
		};
		D5BB84021C2BE26A00C3C789 /* PBXContainerItemProxy */ = {
			isa = PBXContainerItemProxy;
			containerPortal = D5BB83D51C2BE26A00C3C789 /* Project object */;
			proxyType = 1;
			remoteGlobalIDString = D5BB83DC1C2BE26A00C3C789;
			remoteInfo = "20151224002-UITableViewCell-StaticTableViewCell-(code)";
		};
/* End PBXContainerItemProxy section */

/* Begin PBXFileReference section */
		D5BB83DD1C2BE26A00C3C789 /* 20151224002-UITableViewCell-StaticTableViewCell-(code).app */ = {isa = PBXFileReference; explicitFileType = wrapper.application; includeInIndex = 0; path = "20151224002-UITableViewCell-StaticTableViewCell-(code).app"; sourceTree = BUILT_PRODUCTS_DIR; };
		D5BB83E11C2BE26A00C3C789 /* main.m */ = {isa = PBXFileReference; lastKnownFileType = sourcecode.c.objc; path = main.m; sourceTree = "<group>"; };
		D5BB83E31C2BE26A00C3C789 /* AppDelegate.h */ = {isa = PBXFileReference; lastKnownFileType = sourcecode.c.h; path = AppDelegate.h; sourceTree = "<group>"; };
		D5BB83E41C2BE26A00C3C789 /* AppDelegate.m */ = {isa = PBXFileReference; lastKnownFileType = sourcecode.c.objc; path = AppDelegate.m; sourceTree = "<group>"; };
		D5BB83E61C2BE26A00C3C789 /* ViewController.h */ = {isa = PBXFileReference; lastKnownFileType = sourcecode.c.h; path = ViewController.h; sourceTree = "<group>"; };
		D5BB83E71C2BE26A00C3C789 /* ViewController.m */ = {isa = PBXFileReference; lastKnownFileType = sourcecode.c.objc; path = ViewController.m; sourceTree = "<group>"; };
		D5BB83EA1C2BE26A00C3C789 /* Base */ = {isa = PBXFileReference; lastKnownFileType = file.storyboard; name = Base; path = Base.lproj/Main.storyboard; sourceTree = "<group>"; };
		D5BB83EC1C2BE26A00C3C789 /* Assets.xcassets */ = {isa = PBXFileReference; lastKnownFileType = folder.assetcatalog; path = Assets.xcassets; sourceTree = "<group>"; };
		D5BB83EF1C2BE26A00C3C789 /* Base */ = {isa = PBXFileReference; lastKnownFileType = file.storyboard; name = Base; path = Base.lproj/LaunchScreen.storyboard; sourceTree = "<group>"; };
		D5BB83F11C2BE26A00C3C789 /* Info.plist */ = {isa = PBXFileReference; lastKnownFileType = text.plist.xml; path = Info.plist; sourceTree = "<group>"; };
		D5BB83F61C2BE26A00C3C789 /* 20151224002-UITableViewCell-StaticTableViewCell-(code)Tests.xctest */ = {isa = PBXFileReference; explicitFileType = wrapper.cfbundle; includeInIndex = 0; path = "20151224002-UITableViewCell-StaticTableViewCell-(code)Tests.xctest"; sourceTree = BUILT_PRODUCTS_DIR; };
		D5BB83FA1C2BE26A00C3C789 /* _0151224002_UITableViewCell_StaticTableViewCell__code_Tests.m */ = {isa = PBXFileReference; lastKnownFileType = sourcecode.c.objc; path = _0151224002_UITableViewCell_StaticTableViewCell__code_Tests.m; sourceTree = "<group>"; };
		D5BB83FC1C2BE26A00C3C789 /* Info.plist */ = {isa = PBXFileReference; lastKnownFileType = text.plist.xml; path = Info.plist; sourceTree = "<group>"; };
		D5BB84011C2BE26A00C3C789 /* 20151224002-UITableViewCell-StaticTableViewCell-(code)UITests.xctest */ = {isa = PBXFileReference; explicitFileType = wrapper.cfbundle; includeInIndex = 0; path = "20151224002-UITableViewCell-StaticTableViewCell-(code)UITests.xctest"; sourceTree = BUILT_PRODUCTS_DIR; };
		D5BB84051C2BE26A00C3C789 /* _0151224002_UITableViewCell_StaticTableViewCell__code_UITests.m */ = {isa = PBXFileReference; lastKnownFileType = sourcecode.c.objc; path = _0151224002_UITableViewCell_StaticTableViewCell__code_UITests.m; sourceTree = "<group>"; };
		D5BB84071C2BE26A00C3C789 /* Info.plist */ = {isa = PBXFileReference; lastKnownFileType = text.plist.xml; path = Info.plist; sourceTree = "<group>"; };
/* End PBXFileReference section */

/* Begin PBXFrameworksBuildPhase section */
		D5BB83DA1C2BE26A00C3C789 /* Frameworks */ = {
			isa = PBXFrameworksBuildPhase;
			buildActionMask = 2147483647;
			files = (
			);
			runOnlyForDeploymentPostprocessing = 0;
		};
		D5BB83F31C2BE26A00C3C789 /* Frameworks */ = {
			isa = PBXFrameworksBuildPhase;
			buildActionMask = 2147483647;
			files = (
			);
			runOnlyForDeploymentPostprocessing = 0;
		};
		D5BB83FE1C2BE26A00C3C789 /* Frameworks */ = {
			isa = PBXFrameworksBuildPhase;
			buildActionMask = 2147483647;
			files = (
			);
			runOnlyForDeploymentPostprocessing = 0;
		};
/* End PBXFrameworksBuildPhase section */

/* Begin PBXGroup section */
		D5BB83D41C2BE26A00C3C789 = {
			isa = PBXGroup;
			children = (
				D5BB83DF1C2BE26A00C3C789 /* 20151224002-UITableViewCell-StaticTableViewCell-(code) */,
				D5BB83F91C2BE26A00C3C789 /* 20151224002-UITableViewCell-StaticTableViewCell-(code)Tests */,
				D5BB84041C2BE26A00C3C789 /* 20151224002-UITableViewCell-StaticTableViewCell-(code)UITests */,
				D5BB83DE1C2BE26A00C3C789 /* Products */,
			);
			sourceTree = "<group>";
		};
		D5BB83DE1C2BE26A00C3C789 /* Products */ = {
			isa = PBXGroup;
			children = (
				D5BB83DD1C2BE26A00C3C789 /* 20151224002-UITableViewCell-StaticTableViewCell-(code).app */,
				D5BB83F61C2BE26A00C3C789 /* 20151224002-UITableViewCell-StaticTableViewCell-(code)Tests.xctest */,
				D5BB84011C2BE26A00C3C789 /* 20151224002-UITableViewCell-StaticTableViewCell-(code)UITests.xctest */,
			);
			name = Products;
			sourceTree = "<group>";
		};
		D5BB83DF1C2BE26A00C3C789 /* 20151224002-UITableViewCell-StaticTableViewCell-(code) */ = {
			isa = PBXGroup;
			children = (
				D5BB83E31C2BE26A00C3C789 /* AppDelegate.h */,
				D5BB83E41C2BE26A00C3C789 /* AppDelegate.m */,
				D5BB83E61C2BE26A00C3C789 /* ViewController.h */,
				D5BB83E71C2BE26A00C3C789 /* ViewController.m */,
				D5BB83E91C2BE26A00C3C789 /* Main.storyboard */,
				D5BB83EC1C2BE26A00C3C789 /* Assets.xcassets */,
				D5BB83EE1C2BE26A00C3C789 /* LaunchScreen.storyboard */,
				D5BB83F11C2BE26A00C3C789 /* Info.plist */,
				D5BB83E01C2BE26A00C3C789 /* Supporting Files */,
			);
			path = "20151224002-UITableViewCell-StaticTableViewCell-(code)";
			sourceTree = "<group>";
		};
		D5BB83E01C2BE26A00C3C789 /* Supporting Files */ = {
			isa = PBXGroup;
			children = (
				D5BB83E11C2BE26A00C3C789 /* main.m */,
			);
			name = "Supporting Files";
			sourceTree = "<group>";
		};
		D5BB83F91C2BE26A00C3C789 /* 20151224002-UITableViewCell-StaticTableViewCell-(code)Tests */ = {
			isa = PBXGroup;
			children = (
				D5BB83FA1C2BE26A00C3C789 /* _0151224002_UITableViewCell_StaticTableViewCell__code_Tests.m */,
				D5BB83FC1C2BE26A00C3C789 /* Info.plist */,
			);
			path = "20151224002-UITableViewCell-StaticTableViewCell-(code)Tests";
			sourceTree = "<group>";
		};
		D5BB84041C2BE26A00C3C789 /* 20151224002-UITableViewCell-StaticTableViewCell-(code)UITests */ = {
			isa = PBXGroup;
			children = (
				D5BB84051C2BE26A00C3C789 /* _0151224002_UITableViewCell_StaticTableViewCell__code_UITests.m */,
				D5BB84071C2BE26A00C3C789 /* Info.plist */,
			);
			path = "20151224002-UITableViewCell-StaticTableViewCell-(code)UITests";
			sourceTree = "<group>";
		};
/* End PBXGroup section */

/* Begin PBXNativeTarget section */
		D5BB83DC1C2BE26A00C3C789 /* 20151224002-UITableViewCell-StaticTableViewCell-(code) */ = {
			isa = PBXNativeTarget;
			buildConfigurationList = D5BB840A1C2BE26A00C3C789 /* Build configuration list for PBXNativeTarget "20151224002-UITableViewCell-StaticTableViewCell-(code)" */;
			buildPhases = (
				D5BB83D91C2BE26A00C3C789 /* Sources */,
				D5BB83DA1C2BE26A00C3C789 /* Frameworks */,
				D5BB83DB1C2BE26A00C3C789 /* Resources */,
			);
			buildRules = (
			);
			dependencies = (
			);
			name = "20151224002-UITableViewCell-StaticTableViewCell-(code)";
			productName = "20151224002-UITableViewCell-StaticTableViewCell-(code)";
			productReference = D5BB83DD1C2BE26A00C3C789 /* 20151224002-UITableViewCell-StaticTableViewCell-(code).app */;
			productType = "com.apple.product-type.application";
		};
		D5BB83F51C2BE26A00C3C789 /* 20151224002-UITableViewCell-StaticTableViewCell-(code)Tests */ = {
			isa = PBXNativeTarget;
			buildConfigurationList = D5BB840D1C2BE26A00C3C789 /* Build configuration list for PBXNativeTarget "20151224002-UITableViewCell-StaticTableViewCell-(code)Tests" */;
			buildPhases = (
				D5BB83F21C2BE26A00C3C789 /* Sources */,
				D5BB83F31C2BE26A00C3C789 /* Frameworks */,
				D5BB83F41C2BE26A00C3C789 /* Resources */,
			);
			buildRules = (
			);
			dependencies = (
				D5BB83F81C2BE26A00C3C789 /* PBXTargetDependency */,
			);
			name = "20151224002-UITableViewCell-StaticTableViewCell-(code)Tests";
			productName = "20151224002-UITableViewCell-StaticTableViewCell-(code)Tests";
			productReference = D5BB83F61C2BE26A00C3C789 /* 20151224002-UITableViewCell-StaticTableViewCell-(code)Tests.xctest */;
			productType = "com.apple.product-type.bundle.unit-test";
		};
		D5BB84001C2BE26A00C3C789 /* 20151224002-UITableViewCell-StaticTableViewCell-(code)UITests */ = {
			isa = PBXNativeTarget;
			buildConfigurationList = D5BB84101C2BE26A00C3C789 /* Build configuration list for PBXNativeTarget "20151224002-UITableViewCell-StaticTableViewCell-(code)UITests" */;
			buildPhases = (
				D5BB83FD1C2BE26A00C3C789 /* Sources */,
				D5BB83FE1C2BE26A00C3C789 /* Frameworks */,
				D5BB83FF1C2BE26A00C3C789 /* Resources */,
			);
			buildRules = (
			);
			dependencies = (
				D5BB84031C2BE26A00C3C789 /* PBXTargetDependency */,
			);
			name = "20151224002-UITableViewCell-StaticTableViewCell-(code)UITests";
			productName = "20151224002-UITableViewCell-StaticTableViewCell-(code)UITests";
			productReference = D5BB84011C2BE26A00C3C789 /* 20151224002-UITableViewCell-StaticTableViewCell-(code)UITests.xctest */;
			productType = "com.apple.product-type.bundle.ui-testing";
		};
/* End PBXNativeTarget section */

/* Begin PBXProject section */
		D5BB83D51C2BE26A00C3C789 /* Project object */ = {
			isa = PBXProject;
			attributes = {
				LastUpgradeCheck = 0710;
				ORGANIZATIONNAME = Rainer;
				TargetAttributes = {
					D5BB83DC1C2BE26A00C3C789 = {
						CreatedOnToolsVersion = 7.1;
					};
					D5BB83F51C2BE26A00C3C789 = {
						CreatedOnToolsVersion = 7.1;
						TestTargetID = D5BB83DC1C2BE26A00C3C789;
					};
					D5BB84001C2BE26A00C3C789 = {
						CreatedOnToolsVersion = 7.1;
						TestTargetID = D5BB83DC1C2BE26A00C3C789;
					};
				};
			};
			buildConfigurationList = D5BB83D81C2BE26A00C3C789 /* Build configuration list for PBXProject "20151224002-UITableViewCell-StaticTableViewCell-(code)" */;
			compatibilityVersion = "Xcode 3.2";
			developmentRegion = English;
			hasScannedForEncodings = 0;
			knownRegions = (
				en,
				Base,
			);
			mainGroup = D5BB83D41C2BE26A00C3C789;
			productRefGroup = D5BB83DE1C2BE26A00C3C789 /* Products */;
			projectDirPath = "";
			projectRoot = "";
			targets = (
				D5BB83DC1C2BE26A00C3C789 /* 20151224002-UITableViewCell-StaticTableViewCell-(code) */,
				D5BB83F51C2BE26A00C3C789 /* 20151224002-UITableViewCell-StaticTableViewCell-(code)Tests */,
				D5BB84001C2BE26A00C3C789 /* 20151224002-UITableViewCell-StaticTableViewCell-(code)UITests */,
			);
		};
/* End PBXProject section */

/* Begin PBXResourcesBuildPhase section */
		D5BB83DB1C2BE26A00C3C789 /* Resources */ = {
			isa = PBXResourcesBuildPhase;
			buildActionMask = 2147483647;
			files = (
				D5BB83F01C2BE26A00C3C789 /* LaunchScreen.storyboard in Resources */,
				D5BB83ED1C2BE26A00C3C789 /* Assets.xcassets in Resources */,
				D5BB83EB1C2BE26A00C3C789 /* Main.storyboard in Resources */,
			);
			runOnlyForDeploymentPostprocessing = 0;
		};
		D5BB83F41C2BE26A00C3C789 /* Resources */ = {
			isa = PBXResourcesBuildPhase;
			buildActionMask = 2147483647;
			files = (
			);
			runOnlyForDeploymentPostprocessing = 0;
		};
		D5BB83FF1C2BE26A00C3C789 /* Resources */ = {
			isa = PBXResourcesBuildPhase;
			buildActionMask = 2147483647;
			files = (
			);
			runOnlyForDeploymentPostprocessing = 0;
		};
/* End PBXResourcesBuildPhase section */

/* Begin PBXSourcesBuildPhase section */
		D5BB83D91C2BE26A00C3C789 /* Sources */ = {
			isa = PBXSourcesBuildPhase;
			buildActionMask = 2147483647;
			files = (
				D5BB83E81C2BE26A00C3C789 /* ViewController.m in Sources */,
				D5BB83E51C2BE26A00C3C789 /* AppDelegate.m in Sources */,
				D5BB83E21C2BE26A00C3C789 /* main.m in Sources */,
			);
			runOnlyForDeploymentPostprocessing = 0;
		};
		D5BB83F21C2BE26A00C3C789 /* Sources */ = {
			isa = PBXSourcesBuildPhase;
			buildActionMask = 2147483647;
			files = (
				D5BB83FB1C2BE26A00C3C789 /* _0151224002_UITableViewCell_StaticTableViewCell__code_Tests.m in Sources */,
			);
			runOnlyForDeploymentPostprocessing = 0;
		};
		D5BB83FD1C2BE26A00C3C789 /* Sources */ = {
			isa = PBXSourcesBuildPhase;
			buildActionMask = 2147483647;
			files = (
				D5BB84061C2BE26A00C3C789 /* _0151224002_UITableViewCell_StaticTableViewCell__code_UITests.m in Sources */,
			);
			runOnlyForDeploymentPostprocessing = 0;
		};
/* End PBXSourcesBuildPhase section */

/* Begin PBXTargetDependency section */
		D5BB83F81C2BE26A00C3C789 /* PBXTargetDependency */ = {
			isa = PBXTargetDependency;
			target = D5BB83DC1C2BE26A00C3C789 /* 20151224002-UITableViewCell-StaticTableViewCell-(code) */;
			targetProxy = D5BB83F71C2BE26A00C3C789 /* PBXContainerItemProxy */;
		};
		D5BB84031C2BE26A00C3C789 /* PBXTargetDependency */ = {
			isa = PBXTargetDependency;
			target = D5BB83DC1C2BE26A00C3C789 /* 20151224002-UITableViewCell-StaticTableViewCell-(code) */;
			targetProxy = D5BB84021C2BE26A00C3C789 /* PBXContainerItemProxy */;
		};
/* End PBXTargetDependency section */

/* Begin PBXVariantGroup section */
		D5BB83E91C2BE26A00C3C789 /* Main.storyboard */ = {
			isa = PBXVariantGroup;
			children = (
				D5BB83EA1C2BE26A00C3C789 /* Base */,
			);
			name = Main.storyboard;
			sourceTree = "<group>";
		};
		D5BB83EE1C2BE26A00C3C789 /* LaunchScreen.storyboard */ = {
			isa = PBXVariantGroup;
			children = (
				D5BB83EF1C2BE26A00C3C789 /* Base */,
			);
			name = LaunchScreen.storyboard;
			sourceTree = "<group>";
		};
/* End PBXVariantGroup section */

/* Begin XCBuildConfiguration section */
		D5BB84081C2BE26A00C3C789 /* Debug */ = {
			isa = XCBuildConfiguration;
			buildSettings = {
				ALWAYS_SEARCH_USER_PATHS = NO;
				CLANG_CXX_LANGUAGE_STANDARD = "gnu++0x";
				CLANG_CXX_LIBRARY = "libc++";
				CLANG_ENABLE_MODULES = YES;
				CLANG_ENABLE_OBJC_ARC = YES;
				CLANG_WARN_BOOL_CONVERSION = YES;
				CLANG_WARN_CONSTANT_CONVERSION = YES;
				CLANG_WARN_DIRECT_OBJC_ISA_USAGE = YES_ERROR;
				CLANG_WARN_EMPTY_BODY = YES;
				CLANG_WARN_ENUM_CONVERSION = YES;
				CLANG_WARN_INT_CONVERSION = YES;
				CLANG_WARN_OBJC_ROOT_CLASS = YES_ERROR;
				CLANG_WARN_UNREACHABLE_CODE = YES;
				CLANG_WARN__DUPLICATE_METHOD_MATCH = YES;
				"CODE_SIGN_IDENTITY[sdk=iphoneos*]" = "iPhone Developer";
				COPY_PHASE_STRIP = NO;
				DEBUG_INFORMATION_FORMAT = dwarf;
				ENABLE_STRICT_OBJC_MSGSEND = YES;
				ENABLE_TESTABILITY = YES;
				GCC_C_LANGUAGE_STANDARD = gnu99;
				GCC_DYNAMIC_NO_PIC = NO;
				GCC_NO_COMMON_BLOCKS = YES;
				GCC_OPTIMIZATION_LEVEL = 0;
				GCC_PREPROCESSOR_DEFINITIONS = (
					"DEBUG=1",
					"$(inherited)",
				);
				GCC_WARN_64_TO_32_BIT_CONVERSION = YES;
				GCC_WARN_ABOUT_RETURN_TYPE = YES_ERROR;
				GCC_WARN_UNDECLARED_SELECTOR = YES;
				GCC_WARN_UNINITIALIZED_AUTOS = YES_AGGRESSIVE;
				GCC_WARN_UNUSED_FUNCTION = YES;
				GCC_WARN_UNUSED_VARIABLE = YES;
				IPHONEOS_DEPLOYMENT_TARGET = 9.1;
				MTL_ENABLE_DEBUG_INFO = YES;
				ONLY_ACTIVE_ARCH = YES;
				SDKROOT = iphoneos;
			};
			name = Debug;
		};
		D5BB84091C2BE26A00C3C789 /* Release */ = {
			isa = XCBuildConfiguration;
			buildSettings = {
				ALWAYS_SEARCH_USER_PATHS = NO;
				CLANG_CXX_LANGUAGE_STANDARD = "gnu++0x";
				CLANG_CXX_LIBRARY = "libc++";
				CLANG_ENABLE_MODULES = YES;
				CLANG_ENABLE_OBJC_ARC = YES;
				CLANG_WARN_BOOL_CONVERSION = YES;
				CLANG_WARN_CONSTANT_CONVERSION = YES;
				CLANG_WARN_DIRECT_OBJC_ISA_USAGE = YES_ERROR;
				CLANG_WARN_EMPTY_BODY = YES;
				CLANG_WARN_ENUM_CONVERSION = YES;
				CLANG_WARN_INT_CONVERSION = YES;
				CLANG_WARN_OBJC_ROOT_CLASS = YES_ERROR;
				CLANG_WARN_UNREACHABLE_CODE = YES;
				CLANG_WARN__DUPLICATE_METHOD_MATCH = YES;
				"CODE_SIGN_IDENTITY[sdk=iphoneos*]" = "iPhone Developer";
				COPY_PHASE_STRIP = NO;
				DEBUG_INFORMATION_FORMAT = "dwarf-with-dsym";
				ENABLE_NS_ASSERTIONS = NO;
				ENABLE_STRICT_OBJC_MSGSEND = YES;
				GCC_C_LANGUAGE_STANDARD = gnu99;
				GCC_NO_COMMON_BLOCKS = YES;
				GCC_WARN_64_TO_32_BIT_CONVERSION = YES;
				GCC_WARN_ABOUT_RETURN_TYPE = YES_ERROR;
				GCC_WARN_UNDECLARED_SELECTOR = YES;
				GCC_WARN_UNINITIALIZED_AUTOS = YES_AGGRESSIVE;
				GCC_WARN_UNUSED_FUNCTION = YES;
				GCC_WARN_UNUSED_VARIABLE = YES;
				IPHONEOS_DEPLOYMENT_TARGET = 9.1;
				MTL_ENABLE_DEBUG_INFO = NO;
				SDKROOT = iphoneos;
				VALIDATE_PRODUCT = YES;
			};
			name = Release;
		};
		D5BB840B1C2BE26A00C3C789 /* Debug */ = {
			isa = XCBuildConfiguration;
			buildSettings = {
				ASSETCATALOG_COMPILER_APPICON_NAME = AppIcon;
				INFOPLIST_FILE = "20151224002-UITableViewCell-StaticTableViewCell-(code)/Info.plist";
				LD_RUNPATH_SEARCH_PATHS = "$(inherited) @executable_path/Frameworks";
				PRODUCT_BUNDLE_IDENTIFIER = "com.rainer.-0151224002-UITableViewCell-StaticTableViewCell--code-";
				PRODUCT_NAME = "$(TARGET_NAME)";
			};
			name = Debug;
		};
		D5BB840C1C2BE26A00C3C789 /* Release */ = {
			isa = XCBuildConfiguration;
			buildSettings = {
				ASSETCATALOG_COMPILER_APPICON_NAME = AppIcon;
				INFOPLIST_FILE = "20151224002-UITableViewCell-StaticTableViewCell-(code)/Info.plist";
				LD_RUNPATH_SEARCH_PATHS = "$(inherited) @executable_path/Frameworks";
				PRODUCT_BUNDLE_IDENTIFIER = "com.rainer.-0151224002-UITableViewCell-StaticTableViewCell--code-";
				PRODUCT_NAME = "$(TARGET_NAME)";
			};
			name = Release;
		};
		D5BB840E1C2BE26A00C3C789 /* Debug */ = {
			isa = XCBuildConfiguration;
			buildSettings = {
				BUNDLE_LOADER = "$(TEST_HOST)";
				INFOPLIST_FILE = "20151224002-UITableViewCell-StaticTableViewCell-(code)Tests/Info.plist";
				LD_RUNPATH_SEARCH_PATHS = "$(inherited) @executable_path/Frameworks @loader_path/Frameworks";
				PRODUCT_BUNDLE_IDENTIFIER = "com.rainer.-0151224002-UITableViewCell-StaticTableViewCell--code-Tests";
				PRODUCT_NAME = "$(TARGET_NAME)";
				TEST_HOST = "$(BUILT_PRODUCTS_DIR)/20151224002-UITableViewCell-StaticTableViewCell-(code).app/20151224002-UITableViewCell-StaticTableViewCell-(code)";
			};
			name = Debug;
		};
		D5BB840F1C2BE26A00C3C789 /* Release */ = {
			isa = XCBuildConfiguration;
			buildSettings = {
				BUNDLE_LOADER = "$(TEST_HOST)";
				INFOPLIST_FILE = "20151224002-UITableViewCell-StaticTableViewCell-(code)Tests/Info.plist";
				LD_RUNPATH_SEARCH_PATHS = "$(inherited) @executable_path/Frameworks @loader_path/Frameworks";
				PRODUCT_BUNDLE_IDENTIFIER = "com.rainer.-0151224002-UITableViewCell-StaticTableViewCell--code-Tests";
				PRODUCT_NAME = "$(TARGET_NAME)";
				TEST_HOST = "$(BUILT_PRODUCTS_DIR)/20151224002-UITableViewCell-StaticTableViewCell-(code).app/20151224002-UITableViewCell-StaticTableViewCell-(code)";
			};
			name = Release;
		};
		D5BB84111C2BE26A00C3C789 /* Debug */ = {
			isa = XCBuildConfiguration;
			buildSettings = {
				INFOPLIST_FILE = "20151224002-UITableViewCell-StaticTableViewCell-(code)UITests/Info.plist";
				LD_RUNPATH_SEARCH_PATHS = "$(inherited) @executable_path/Frameworks @loader_path/Frameworks";
				PRODUCT_BUNDLE_IDENTIFIER = "com.rainer.-0151224002-UITableViewCell-StaticTableViewCell--code-UITests";
				PRODUCT_NAME = "$(TARGET_NAME)";
				TEST_TARGET_NAME = "20151224002-UITableViewCell-StaticTableViewCell-(code)";
				USES_XCTRUNNER = YES;
			};
			name = Debug;
		};
		D5BB84121C2BE26A00C3C789 /* Release */ = {
			isa = XCBuildConfiguration;
			buildSettings = {
				INFOPLIST_FILE = "20151224002-UITableViewCell-StaticTableViewCell-(code)UITests/Info.plist";
				LD_RUNPATH_SEARCH_PATHS = "$(inherited) @executable_path/Frameworks @loader_path/Frameworks";
				PRODUCT_BUNDLE_IDENTIFIER = "com.rainer.-0151224002-UITableViewCell-StaticTableViewCell--code-UITests";
				PRODUCT_NAME = "$(TARGET_NAME)";
				TEST_TARGET_NAME = "20151224002-UITableViewCell-StaticTableViewCell-(code)";
				USES_XCTRUNNER = YES;
			};
			name = Release;
		};
/* End XCBuildConfiguration section */

/* Begin XCConfigurationList section */
		D5BB83D81C2BE26A00C3C789 /* Build configuration list for PBXProject "20151224002-UITableViewCell-StaticTableViewCell-(code)" */ = {
			isa = XCConfigurationList;
			buildConfigurations = (
				D5BB84081C2BE26A00C3C789 /* Debug */,
				D5BB84091C2BE26A00C3C789 /* Release */,
			);
			defaultConfigurationIsVisible = 0;
			defaultConfigurationName = Release;
		};
		D5BB840A1C2BE26A00C3C789 /* Build configuration list for PBXNativeTarget "20151224002-UITableViewCell-StaticTableViewCell-(code)" */ = {
			isa = XCConfigurationList;
			buildConfigurations = (
				D5BB840B1C2BE26A00C3C789 /* Debug */,
				D5BB840C1C2BE26A00C3C789 /* Release */,
			);
			defaultConfigurationIsVisible = 0;
		};
		D5BB840D1C2BE26A00C3C789 /* Build configuration list for PBXNativeTarget "20151224002-UITableViewCell-StaticTableViewCell-(code)Tests" */ = {
			isa = XCConfigurationList;
			buildConfigurations = (
				D5BB840E1C2BE26A00C3C789 /* Debug */,
				D5BB840F1C2BE26A00C3C789 /* Release */,
			);
			defaultConfigurationIsVisible = 0;
		};
		D5BB84101C2BE26A00C3C789 /* Build configuration list for PBXNativeTarget "20151224002-UITableViewCell-StaticTableViewCell-(code)UITests" */ = {
			isa = XCConfigurationList;
			buildConfigurations = (
				D5BB84111C2BE26A00C3C789 /* Debug */,
				D5BB84121C2BE26A00C3C789 /* Release */,
			);
			defaultConfigurationIsVisible = 0;
		};
/* End XCConfigurationList section */
	};
	rootObject = D5BB83D51C2BE26A00C3C789 /* Project object */;
}
